
Microsoft Visual Studio Solution File, Format Version 12.00
# Visual Studio Version 16
VisualStudioVersion = 16.0.30516.212
MinimumVisualStudioVersion = 10.0.40219.1
Project("{FAE04EC0-301F-11D3-BF4B-00C04F79EFBC}") = "jsr-api", "jsr-api\jsr-api.csproj", "{3FE7C804-F0BF-40E0-A56E-24F7EF8D3970}"
EndProject
Global
	GlobalSection(SolutionConfigurationPlatforms) = preSolution
		Debug|Any CPU = Debug|Any CPU
		Release|Any CPU = Release|Any CPU
	EndGlobalSection
	GlobalSection(ProjectConfigurationPlatforms) = postSolution
		{3FE7C804-F0BF-40E0-A56E-24F7EF8D3970}.Debug|Any CPU.ActiveCfg = Debug|Any CPU
		{3FE7C804-F0BF-40E0-A56E-24F7EF8D3970}.Debug|Any CPU.Build.0 = Debug|Any CPU
		{3FE7C804-F0BF-40E0-A56E-24F7EF8D3970}.Release|Any CPU.ActiveCfg = Release|Any CPU
		{3FE7C804-F0BF-40E0-A56E-24F7EF8D3970}.Release|Any CPU.Build.0 = Release|Any CPU
	EndGlobalSection
	GlobalSection(SolutionProperties) = preSolution
		HideSolutionNode = FALSE
	EndGlobalSection
	GlobalSection(ExtensibilityGlobals) = postSolution
		SolutionGuid = {5D35EEE9-2F31-4CB4-BC42-3B7D4442CA30}
	EndGlobalSection
EndGlobal
